
Microsoft Visual Studio Solution File, Format Version 12.00
# Visual Studio Version 16
VisualStudioVersion = 16.0.30907.101
MinimumVisualStudioVersion = 10.0.40219.1
Project("{FAE04EC0-301F-11D3-BF4B-00C04F79EFBC}") = "Model", "src\Model\Model.csproj", "{A99B69DE-7742-4C47-8BE3-C01A29D374F5}"
EndProject
Project("{FAE04EC0-301F-11D3-BF4B-00C04F79EFBC}") = "Test", "src\Test\Test.csproj", "{98B87885-DC10-44AC-8573-9790007A3DF7}"
EndProject
Project("{FAE04EC0-301F-11D3-BF4B-00C04F79EFBC}") = "CADInterface", "src\CADInterface\CADInterface.csproj", "{13DFBED3-D635-492E-9D1F-9E0C6D27AA24}"
EndProject
Project("{FAE04EC0-301F-11D3-BF4B-00C04F79EFBC}") = "BOQInterface", "src\BOQInterface\BOQInterface.csproj", "{2B948E2F-648F-4BD2-BAEE-CF981D3D3635}"
	ProjectSection(ProjectDependencies) = postProject
		{A99B69DE-7742-4C47-8BE3-C01A29D374F5} = {A99B69DE-7742-4C47-8BE3-C01A29D374F5}
	EndProjectSection
EndProject
Project("{FAE04EC0-301F-11D3-BF4B-00C04F79EFBC}") = "AnsysInterface", "src\AnsysInterface\AnsysInterface.csproj", "{B45566D1-B232-43F9-8672-C6DDAC916009}"
EndProject
Project("{FAE04EC0-301F-11D3-BF4B-00C04F79EFBC}") = "WGUI", "src\WGUI\WGUI.csproj", "{222B0169-0BEC-4D11-90C6-ECA804A23406}"
EndProject
Project("{FAE04EC0-301F-11D3-BF4B-00C04F79EFBC}") = "Research", "src\Research\Research.csproj", "{20A05B72-866A-4848-94D8-7C760B735A6C}"
EndProject
Project("{FAE04EC0-301F-11D3-BF4B-00C04F79EFBC}") = "WinFromUI", "src\WinFromUI\WinFromUI.csproj", "{79CFFE16-4FD9-4B7C-A12A-7FE2CD524CCF}"
EndProject
Project("{FAE04EC0-301F-11D3-BF4B-00C04F79EFBC}") = "FemTUI", "src\FemTUI\FemTUI.csproj", "{B3DC13A4-EC38-4E09-AFD4-5B329D35650C}"
EndProject
Project("{54435603-DBB4-11D2-8724-00A0C9A8B90C}") = "Setup", "src\Setup\Setup.vdproj", "{80AF8AA2-F2E5-4983-A212-AAE912E86034}"
EndProject
Global
	GlobalSection(SolutionConfigurationPlatforms) = preSolution
		Debug|Any CPU = Debug|Any CPU
		Debug|x64 = Debug|x64
		Debug|x86 = Debug|x86
		Release|Any CPU = Release|Any CPU
		Release|x64 = Release|x64
		Release|x86 = Release|x86
	EndGlobalSection
	GlobalSection(ProjectConfigurationPlatforms) = postSolution
		{A99B69DE-7742-4C47-8BE3-C01A29D374F5}.Debug|Any CPU.ActiveCfg = Debug|Any CPU
		{A99B69DE-7742-4C47-8BE3-C01A29D374F5}.Debug|Any CPU.Build.0 = Debug|Any CPU
		{A99B69DE-7742-4C47-8BE3-C01A29D374F5}.Debug|x64.ActiveCfg = Debug|Any CPU
		{A99B69DE-7742-4C47-8BE3-C01A29D374F5}.Debug|x64.Build.0 = Debug|Any CPU
		{A99B69DE-7742-4C47-8BE3-C01A29D374F5}.Debug|x86.ActiveCfg = Debug|Any CPU
		{A99B69DE-7742-4C47-8BE3-C01A29D374F5}.Debug|x86.Build.0 = Debug|Any CPU
		{A99B69DE-7742-4C47-8BE3-C01A29D374F5}.Release|Any CPU.ActiveCfg = Release|Any CPU
		{A99B69DE-7742-4C47-8BE3-C01A29D374F5}.Release|Any CPU.Build.0 = Release|Any CPU
		{A99B69DE-7742-4C47-8BE3-C01A29D374F5}.Release|x64.ActiveCfg = Release|Any CPU
		{A99B69DE-7742-4C47-8BE3-C01A29D374F5}.Release|x64.Build.0 = Release|Any CPU
		{A99B69DE-7742-4C47-8BE3-C01A29D374F5}.Release|x86.ActiveCfg = Release|Any CPU
		{A99B69DE-7742-4C47-8BE3-C01A29D374F5}.Release|x86.Build.0 = Release|Any CPU
		{98B87885-DC10-44AC-8573-9790007A3DF7}.Debug|Any CPU.ActiveCfg = Debug|Any CPU
		{98B87885-DC10-44AC-8573-9790007A3DF7}.Debug|Any CPU.Build.0 = Debug|Any CPU
		{98B87885-DC10-44AC-8573-9790007A3DF7}.Debug|x64.ActiveCfg = Debug|Any CPU
		{98B87885-DC10-44AC-8573-9790007A3DF7}.Debug|x64.Build.0 = Debug|Any CPU
		{98B87885-DC10-44AC-8573-9790007A3DF7}.Debug|x86.ActiveCfg = Debug|Any CPU
		{98B87885-DC10-44AC-8573-9790007A3DF7}.Debug|x86.Build.0 = Debug|Any CPU
		{98B87885-DC10-44AC-8573-9790007A3DF7}.Release|Any CPU.ActiveCfg = Release|Any CPU
		{98B87885-DC10-44AC-8573-9790007A3DF7}.Release|Any CPU.Build.0 = Release|Any CPU
		{98B87885-DC10-44AC-8573-9790007A3DF7}.Release|x64.ActiveCfg = Release|Any CPU
		{98B87885-DC10-44AC-8573-9790007A3DF7}.Release|x64.Build.0 = Release|Any CPU
		{98B87885-DC10-44AC-8573-9790007A3DF7}.Release|x86.ActiveCfg = Release|Any CPU
		{98B87885-DC10-44AC-8573-9790007A3DF7}.Release|x86.Build.0 = Release|Any CPU
		{13DFBED3-D635-492E-9D1F-9E0C6D27AA24}.Debug|Any CPU.ActiveCfg = Debug|Any CPU
		{13DFBED3-D635-492E-9D1F-9E0C6D27AA24}.Debug|Any CPU.Build.0 = Debug|Any CPU
		{13DFBED3-D635-492E-9D1F-9E0C6D27AA24}.Debug|x64.ActiveCfg = Debug|Any CPU
		{13DFBED3-D635-492E-9D1F-9E0C6D27AA24}.Debug|x64.Build.0 = Debug|Any CPU
		{13DFBED3-D635-492E-9D1F-9E0C6D27AA24}.Debug|x86.ActiveCfg = Debug|Any CPU
		{13DFBED3-D635-492E-9D1F-9E0C6D27AA24}.Debug|x86.Build.0 = Debug|Any CPU
		{13DFBED3-D635-492E-9D1F-9E0C6D27AA24}.Release|Any CPU.ActiveCfg = Release|Any CPU
		{13DFBED3-D635-492E-9D1F-9E0C6D27AA24}.Release|Any CPU.Build.0 = Release|Any CPU
		{13DFBED3-D635-492E-9D1F-9E0C6D27AA24}.Release|x64.ActiveCfg = Release|Any CPU
		{13DFBED3-D635-492E-9D1F-9E0C6D27AA24}.Release|x64.Build.0 = Release|Any CPU
		{13DFBED3-D635-492E-9D1F-9E0C6D27AA24}.Release|x86.ActiveCfg = Release|Any CPU
		{13DFBED3-D635-492E-9D1F-9E0C6D27AA24}.Release|x86.Build.0 = Release|Any CPU
		{2B948E2F-648F-4BD2-BAEE-CF981D3D3635}.Debug|Any CPU.ActiveCfg = Debug|Any CPU
		{2B948E2F-648F-4BD2-BAEE-CF981D3D3635}.Debug|Any CPU.Build.0 = Debug|Any CPU
		{2B948E2F-648F-4BD2-BAEE-CF981D3D3635}.Debug|x64.ActiveCfg = Debug|Any CPU
		{2B948E2F-648F-4BD2-BAEE-CF981D3D3635}.Debug|x64.Build.0 = Debug|Any CPU
		{2B948E2F-648F-4BD2-BAEE-CF981D3D3635}.Debug|x86.ActiveCfg = Debug|Any CPU
		{2B948E2F-648F-4BD2-BAEE-CF981D3D3635}.Debug|x86.Build.0 = Debug|Any CPU
		{2B948E2F-648F-4BD2-BAEE-CF981D3D3635}.Release|Any CPU.ActiveCfg = Release|Any CPU
		{2B948E2F-648F-4BD2-BAEE-CF981D3D3635}.Release|Any CPU.Build.0 = Release|Any CPU
		{2B948E2F-648F-4BD2-BAEE-CF981D3D3635}.Release|x64.ActiveCfg = Release|Any CPU
		{2B948E2F-648F-4BD2-BAEE-CF981D3D3635}.Release|x64.Build.0 = Release|Any CPU
		{2B948E2F-648F-4BD2-BAEE-CF981D3D3635}.Release|x86.ActiveCfg = Release|Any CPU
		{2B948E2F-648F-4BD2-BAEE-CF981D3D3635}.Release|x86.Build.0 = Release|Any CPU
		{B45566D1-B232-43F9-8672-C6DDAC916009}.Debug|Any CPU.ActiveCfg = Debug|Any CPU
		{B45566D1-B232-43F9-8672-C6DDAC916009}.Debug|Any CPU.Build.0 = Debug|Any CPU
		{B45566D1-B232-43F9-8672-C6DDAC916009}.Debug|x64.ActiveCfg = Debug|Any CPU
		{B45566D1-B232-43F9-8672-C6DDAC916009}.Debug|x64.Build.0 = Debug|Any CPU
		{B45566D1-B232-43F9-8672-C6DDAC916009}.Debug|x86.ActiveCfg = Debug|Any CPU
		{B45566D1-B232-43F9-8672-C6DDAC916009}.Debug|x86.Build.0 = Debug|Any CPU
		{B45566D1-B232-43F9-8672-C6DDAC916009}.Release|Any CPU.ActiveCfg = Release|Any CPU
		{B45566D1-B232-43F9-8672-C6DDAC916009}.Release|Any CPU.Build.0 = Release|Any CPU
		{B45566D1-B232-43F9-8672-C6DDAC916009}.Release|x64.ActiveCfg = Release|Any CPU
		{B45566D1-B232-43F9-8672-C6DDAC916009}.Release|x64.Build.0 = Release|Any CPU
		{B45566D1-B232-43F9-8672-C6DDAC916009}.Release|x86.ActiveCfg = Release|Any CPU
		{B45566D1-B232-43F9-8672-C6DDAC916009}.Release|x86.Build.0 = Release|Any CPU
		{222B0169-0BEC-4D11-90C6-ECA804A23406}.Debug|Any CPU.ActiveCfg = Debug|Any CPU
		{222B0169-0BEC-4D11-90C6-ECA804A23406}.Debug|Any CPU.Build.0 = Debug|Any CPU
		{222B0169-0BEC-4D11-90C6-ECA804A23406}.Debug|x64.ActiveCfg = Debug|Any CPU
		{222B0169-0BEC-4D11-90C6-ECA804A23406}.Debug|x64.Build.0 = Debug|Any CPU
		{222B0169-0BEC-4D11-90C6-ECA804A23406}.Debug|x86.ActiveCfg = Debug|Any CPU
		{222B0169-0BEC-4D11-90C6-ECA804A23406}.Debug|x86.Build.0 = Debug|Any CPU
		{222B0169-0BEC-4D11-90C6-ECA804A23406}.Release|Any CPU.ActiveCfg = Release|Any CPU
		{222B0169-0BEC-4D11-90C6-ECA804A23406}.Release|Any CPU.Build.0 = Release|Any CPU
		{222B0169-0BEC-4D11-90C6-ECA804A23406}.Release|x64.ActiveCfg = Release|Any CPU
		{222B0169-0BEC-4D11-90C6-ECA804A23406}.Release|x64.Build.0 = Release|Any CPU
		{222B0169-0BEC-4D11-90C6-ECA804A23406}.Release|x86.ActiveCfg = Release|Any CPU
		{222B0169-0BEC-4D11-90C6-ECA804A23406}.Release|x86.Build.0 = Release|Any CPU
		{20A05B72-866A-4848-94D8-7C760B735A6C}.Debug|Any CPU.ActiveCfg = Debug|Any CPU
		{20A05B72-866A-4848-94D8-7C760B735A6C}.Debug|Any CPU.Build.0 = Debug|Any CPU
		{20A05B72-866A-4848-94D8-7C760B735A6C}.Debug|x64.ActiveCfg = Debug|Any CPU
		{20A05B72-866A-4848-94D8-7C760B735A6C}.Debug|x64.Build.0 = Debug|Any CPU
		{20A05B72-866A-4848-94D8-7C760B735A6C}.Debug|x86.ActiveCfg = Debug|Any CPU
		{20A05B72-866A-4848-94D8-7C760B735A6C}.Debug|x86.Build.0 = Debug|Any CPU
		{20A05B72-866A-4848-94D8-7C760B735A6C}.Release|Any CPU.ActiveCfg = Release|Any CPU
		{20A05B72-866A-4848-94D8-7C760B735A6C}.Release|Any CPU.Build.0 = Release|Any CPU
		{20A05B72-866A-4848-94D8-7C760B735A6C}.Release|x64.ActiveCfg = Release|Any CPU
		{20A05B72-866A-4848-94D8-7C760B735A6C}.Release|x64.Build.0 = Release|Any CPU
		{20A05B72-866A-4848-94D8-7C760B735A6C}.Release|x86.ActiveCfg = Release|Any CPU
		{20A05B72-866A-4848-94D8-7C760B735A6C}.Release|x86.Build.0 = Release|Any CPU
		{79CFFE16-4FD9-4B7C-A12A-7FE2CD524CCF}.Debug|Any CPU.ActiveCfg = Debug|Any CPU
		{79CFFE16-4FD9-4B7C-A12A-7FE2CD524CCF}.Debug|Any CPU.Build.0 = Debug|Any CPU
		{79CFFE16-4FD9-4B7C-A12A-7FE2CD524CCF}.Debug|x64.ActiveCfg = Debug|x64
		{79CFFE16-4FD9-4B7C-A12A-7FE2CD524CCF}.Debug|x64.Build.0 = Debug|x64
		{79CFFE16-4FD9-4B7C-A12A-7FE2CD524CCF}.Debug|x86.ActiveCfg = Debug|x86
		{79CFFE16-4FD9-4B7C-A12A-7FE2CD524CCF}.Debug|x86.Build.0 = Debug|x86
		{79CFFE16-4FD9-4B7C-A12A-7FE2CD524CCF}.Release|Any CPU.ActiveCfg = Release|Any CPU
		{79CFFE16-4FD9-4B7C-A12A-7FE2CD524CCF}.Release|Any CPU.Build.0 = Release|Any CPU
		{79CFFE16-4FD9-4B7C-A12A-7FE2CD524CCF}.Release|x64.ActiveCfg = Release|x64
		{79CFFE16-4FD9-4B7C-A12A-7FE2CD524CCF}.Release|x64.Build.0 = Release|x64
		{79CFFE16-4FD9-4B7C-A12A-7FE2CD524CCF}.Release|x86.ActiveCfg = Release|x86
		{79CFFE16-4FD9-4B7C-A12A-7FE2CD524CCF}.Release|x86.Build.0 = Release|x86
		{B3DC13A4-EC38-4E09-AFD4-5B329D35650C}.Debug|Any CPU.ActiveCfg = Debug|Any CPU
		{B3DC13A4-EC38-4E09-AFD4-5B329D35650C}.Debug|Any CPU.Build.0 = Debug|Any CPU
		{B3DC13A4-EC38-4E09-AFD4-5B329D35650C}.Debug|x64.ActiveCfg = Debug|Any CPU
		{B3DC13A4-EC38-4E09-AFD4-5B329D35650C}.Debug|x64.Build.0 = Debug|Any CPU
		{B3DC13A4-EC38-4E09-AFD4-5B329D35650C}.Debug|x86.ActiveCfg = Debug|Any CPU
		{B3DC13A4-EC38-4E09-AFD4-5B329D35650C}.Debug|x86.Build.0 = Debug|Any CPU
		{B3DC13A4-EC38-4E09-AFD4-5B329D35650C}.Release|Any CPU.ActiveCfg = Release|Any CPU
		{B3DC13A4-EC38-4E09-AFD4-5B329D35650C}.Release|Any CPU.Build.0 = Release|Any CPU
		{B3DC13A4-EC38-4E09-AFD4-5B329D35650C}.Release|x64.ActiveCfg = Release|Any CPU
		{B3DC13A4-EC38-4E09-AFD4-5B329D35650C}.Release|x64.Build.0 = Release|Any CPU
		{B3DC13A4-EC38-4E09-AFD4-5B329D35650C}.Release|x86.ActiveCfg = Release|Any CPU
		{B3DC13A4-EC38-4E09-AFD4-5B329D35650C}.Release|x86.Build.0 = Release|Any CPU
		{80AF8AA2-F2E5-4983-A212-AAE912E86034}.Debug|Any CPU.ActiveCfg = Debug
		{80AF8AA2-F2E5-4983-A212-AAE912E86034}.Debug|x64.ActiveCfg = Debug
		{80AF8AA2-F2E5-4983-A212-AAE912E86034}.Debug|x86.ActiveCfg = Debug
		{80AF8AA2-F2E5-4983-A212-AAE912E86034}.Release|Any CPU.ActiveCfg = Release
		{80AF8AA2-F2E5-4983-A212-AAE912E86034}.Release|x64.ActiveCfg = Release
		{80AF8AA2-F2E5-4983-A212-AAE912E86034}.Release|x86.ActiveCfg = Release
	EndGlobalSection
	GlobalSection(SolutionProperties) = preSolution
		HideSolutionNode = FALSE
	EndGlobalSection
	GlobalSection(ExtensibilityGlobals) = postSolution
		SolutionGuid = {481D439C-59EB-468A-8BFD-9D98F1838082}
	EndGlobalSection
EndGlobal
